
Microsoft Visual Studio Solution File, Format Version 12.00
# Visual Studio Version 16
VisualStudioVersion = 16.0.32002.261
MinimumVisualStudioVersion = 10.0.40219.1
Project("{FAE04EC0-301F-11D3-BF4B-00C04F79EFBC}") = "SuperConstructor_Generics", "SuperConstructor_Generics.csproj", "{DC3DAD33-8A6F-408A-97B3-408E384B4FE7}"
EndProject
Global
	GlobalSection(SolutionConfigurationPlatforms) = preSolution
		Debug|Any CPU = Debug|Any CPU
		Release|Any CPU = Release|Any CPU
	EndGlobalSection
	GlobalSection(ProjectConfigurationPlatforms) = postSolution
		{DC3DAD33-8A6F-408A-97B3-408E384B4FE7}.Debug|Any CPU.ActiveCfg = Debug|Any CPU
		{DC3DAD33-8A6F-408A-97B3-408E384B4FE7}.Debug|Any CPU.Build.0 = Debug|Any CPU
		{DC3DAD33-8A6F-408A-97B3-408E384B4FE7}.Release|Any CPU.ActiveCfg = Release|Any CPU
		{DC3DAD33-8A6F-408A-97B3-408E384B4FE7}.Release|Any CPU.Build.0 = Release|Any CPU
	EndGlobalSection
	GlobalSection(SolutionProperties) = preSolution
		HideSolutionNode = FALSE
	EndGlobalSection
	GlobalSection(ExtensibilityGlobals) = postSolution
		SolutionGuid = {6C3A5EBC-BB76-4084-A43E-796CAD31D5C0}
	EndGlobalSection
EndGlobal
